schema: '2.0'
stages:
  measure:
    cmd: .venv/bin/python make_metrics.py
    deps:
    - path: make_metrics.py
      hash: md5
      md5: d6d54fd7a550c590f649a67ca5bed4b1
      size: 2370
    params:
      params.yaml:
        seed: 2
    outs:
    - path: metrics.json
      hash: md5
      md5: ff90998db0b4b46a01bdcd0fde1a2f69
      size: 234
